// !$*UTF8*$!
{
	archiveVersion = 1;
	classes = {
	};
	objectVersion = 50;
	objects = {

/* Begin PBXBuildFile section */
		0C6305A0211282B100277963 /* ServiceKit.framework in Frameworks */ = {isa = PBXBuildFile; fileRef = 0C630596211282B100277963 /* ServiceKit.framework */; };
		0C6305A5211282B100277963 /* ServiceKitTests.swift in Sources */ = {isa = PBXBuildFile; fileRef = 0C6305A4211282B100277963 /* ServiceKitTests.swift */; };
		0C6305A7211282B100277963 /* ServiceKit.h in Headers */ = {isa = PBXBuildFile; fileRef = 0C630599211282B100277963 /* ServiceKit.h */; settings = {ATTRIBUTES = (Public, ); }; };
		0C6305B821128A8B00277963 /* StoreService.swift in Sources */ = {isa = PBXBuildFile; fileRef = 0C6305B721128A8B00277963 /* StoreService.swift */; };
		0C6305BA21128B1C00277963 /* ProductPack.swift in Sources */ = {isa = PBXBuildFile; fileRef = 0C6305B921128B1C00277963 /* ProductPack.swift */; };
		0C6305BC21128F8E00277963 /* Receipt.swift in Sources */ = {isa = PBXBuildFile; fileRef = 0C6305BB21128F8E00277963 /* Receipt.swift */; };
		0C6305BE2113C17200277963 /* StoreServiceImpl.swift in Sources */ = {isa = PBXBuildFile; fileRef = 0C6305BD2113C17200277963 /* StoreServiceImpl.swift */; };
		0C6305C12118E40A00277963 /* ProductPackDescription.swift in Sources */ = {isa = PBXBuildFile; fileRef = 0C6305C02118E40A00277963 /* ProductPackDescription.swift */; };
		0C6305CA211A57C000277963 /* ProductsRequestDelegateProxy.swift in Sources */ = {isa = PBXBuildFile; fileRef = 0C6305C9211A57C000277963 /* ProductsRequestDelegateProxy.swift */; };
		0C6305CC211A585A00277963 /* PaymentTransactionObserverProxy.swift in Sources */ = {isa = PBXBuildFile; fileRef = 0C6305CB211A585A00277963 /* PaymentTransactionObserverProxy.swift */; };
		0C6305CE211A5D1E00277963 /* StoreServiceImpl+PacksRequest.swift in Sources */ = {isa = PBXBuildFile; fileRef = 0C6305CD211A5D1E00277963 /* StoreServiceImpl+PacksRequest.swift */; };
		0C6305D0211A60A700277963 /* StoreServiceImpl+BuyRequest.swift in Sources */ = {isa = PBXBuildFile; fileRef = 0C6305CF211A60A700277963 /* StoreServiceImpl+BuyRequest.swift */; };
		0C6305D3211A698700277963 /* StoreServiceError.swift in Sources */ = {isa = PBXBuildFile; fileRef = 0C6305D2211A698700277963 /* StoreServiceError.swift */; };
		0C9116D0213F1ED700CDAB39 /* NetworkConnectionService.swift in Sources */ = {isa = PBXBuildFile; fileRef = 0C9116CF213F1ED700CDAB39 /* NetworkConnectionService.swift */; };
		0C9116D4213F225400CDAB39 /* NetworkConnectionStatus.swift in Sources */ = {isa = PBXBuildFile; fileRef = 0C9116D3213F225400CDAB39 /* NetworkConnectionStatus.swift */; };
		0C9116D7213F27E500CDAB39 /* NetworkConnectionObserver.swift in Sources */ = {isa = PBXBuildFile; fileRef = 0C9116D6213F27E500CDAB39 /* NetworkConnectionObserver.swift */; };
		0C9116D9213F2DDB00CDAB39 /* NetworkConnectionServiceImpl.swift in Sources */ = {isa = PBXBuildFile; fileRef = 0C9116D8213F2DDB00CDAB39 /* NetworkConnectionServiceImpl.swift */; };
/* End PBXBuildFile section */

/* Begin PBXContainerItemProxy section */
		0C6305A1211282B100277963 /* PBXContainerItemProxy */ = {
			isa = PBXContainerItemProxy;
			containerPortal = 0C63058D211282B000277963 /* Project object */;
			proxyType = 1;
			remoteGlobalIDString = 0C630595211282B100277963;
			remoteInfo = ServiceKit;
		};
/* End PBXContainerItemProxy section */

/* Begin PBXFileReference section */
		0C630596211282B100277963 /* ServiceKit.framework */ = {isa = PBXFileReference; explicitFileType = wrapper.framework; includeInIndex = 0; path = ServiceKit.framework; sourceTree = BUILT_PRODUCTS_DIR; };
		0C630599211282B100277963 /* ServiceKit.h */ = {isa = PBXFileReference; lastKnownFileType = sourcecode.c.h; path = ServiceKit.h; sourceTree = "<group>"; };
		0C63059A211282B100277963 /* Info.plist */ = {isa = PBXFileReference; lastKnownFileType = text.plist.xml; path = Info.plist; sourceTree = "<group>"; };
		0C63059F211282B100277963 /* ServiceKitTests.xctest */ = {isa = PBXFileReference; explicitFileType = wrapper.cfbundle; includeInIndex = 0; path = ServiceKitTests.xctest; sourceTree = BUILT_PRODUCTS_DIR; };
		0C6305A4211282B100277963 /* ServiceKitTests.swift */ = {isa = PBXFileReference; lastKnownFileType = sourcecode.swift; path = ServiceKitTests.swift; sourceTree = "<group>"; };
		0C6305A6211282B100277963 /* Info.plist */ = {isa = PBXFileReference; lastKnownFileType = text.plist.xml; path = Info.plist; sourceTree = "<group>"; };
		0C6305B721128A8B00277963 /* StoreService.swift */ = {isa = PBXFileReference; lastKnownFileType = sourcecode.swift; path = StoreService.swift; sourceTree = "<group>"; };
		0C6305B921128B1C00277963 /* ProductPack.swift */ = {isa = PBXFileReference; lastKnownFileType = sourcecode.swift; path = ProductPack.swift; sourceTree = "<group>"; };
		0C6305BB21128F8E00277963 /* Receipt.swift */ = {isa = PBXFileReference; lastKnownFileType = sourcecode.swift; path = Receipt.swift; sourceTree = "<group>"; };
		0C6305BD2113C17200277963 /* StoreServiceImpl.swift */ = {isa = PBXFileReference; lastKnownFileType = sourcecode.swift; path = StoreServiceImpl.swift; sourceTree = "<group>"; };
		0C6305C02118E40A00277963 /* ProductPackDescription.swift */ = {isa = PBXFileReference; lastKnownFileType = sourcecode.swift; path = ProductPackDescription.swift; sourceTree = "<group>"; };
		0C6305C9211A57C000277963 /* ProductsRequestDelegateProxy.swift */ = {isa = PBXFileReference; lastKnownFileType = sourcecode.swift; path = ProductsRequestDelegateProxy.swift; sourceTree = "<group>"; };
		0C6305CB211A585A00277963 /* PaymentTransactionObserverProxy.swift */ = {isa = PBXFileReference; lastKnownFileType = sourcecode.swift; path = PaymentTransactionObserverProxy.swift; sourceTree = "<group>"; };
		0C6305CD211A5D1E00277963 /* StoreServiceImpl+PacksRequest.swift */ = {isa = PBXFileReference; lastKnownFileType = sourcecode.swift; path = "StoreServiceImpl+PacksRequest.swift"; sourceTree = "<group>"; };
		0C6305CF211A60A700277963 /* StoreServiceImpl+BuyRequest.swift */ = {isa = PBXFileReference; lastKnownFileType = sourcecode.swift; path = "StoreServiceImpl+BuyRequest.swift"; sourceTree = "<group>"; };
		0C6305D2211A698700277963 /* StoreServiceError.swift */ = {isa = PBXFileReference; lastKnownFileType = sourcecode.swift; path = StoreServiceError.swift; sourceTree = "<group>"; };
		0C9116CF213F1ED700CDAB39 /* NetworkConnectionService.swift */ = {isa = PBXFileReference; lastKnownFileType = sourcecode.swift; path = NetworkConnectionService.swift; sourceTree = "<group>"; };
		0C9116D3213F225400CDAB39 /* NetworkConnectionStatus.swift */ = {isa = PBXFileReference; lastKnownFileType = sourcecode.swift; path = NetworkConnectionStatus.swift; sourceTree = "<group>"; };
		0C9116D6213F27E500CDAB39 /* NetworkConnectionObserver.swift */ = {isa = PBXFileReference; lastKnownFileType = sourcecode.swift; path = NetworkConnectionObserver.swift; sourceTree = "<group>"; };
		0C9116D8213F2DDB00CDAB39 /* NetworkConnectionServiceImpl.swift */ = {isa = PBXFileReference; lastKnownFileType = sourcecode.swift; path = NetworkConnectionServiceImpl.swift; sourceTree = "<group>"; };
/* End PBXFileReference section */

/* Begin PBXFrameworksBuildPhase section */
		0C630592211282B100277963 /* Frameworks */ = {
			isa = PBXFrameworksBuildPhase;
			buildActionMask = 2147483647;
			files = (
			);
			runOnlyForDeploymentPostprocessing = 0;
		};
		0C63059C211282B100277963 /* Frameworks */ = {
			isa = PBXFrameworksBuildPhase;
			buildActionMask = 2147483647;
			files = (
				0C6305A0211282B100277963 /* ServiceKit.framework in Frameworks */,
			);
			runOnlyForDeploymentPostprocessing = 0;
		};
/* End PBXFrameworksBuildPhase section */

/* Begin PBXGroup section */
		0C63058C211282B000277963 = {
			isa = PBXGroup;
			children = (
				0C630598211282B100277963 /* ServiceKit */,
				0C6305A3211282B100277963 /* ServiceKitTests */,
				0C630597211282B100277963 /* Products */,
			);
			sourceTree = "<group>";
		};
		0C630597211282B100277963 /* Products */ = {
			isa = PBXGroup;
			children = (
				0C630596211282B100277963 /* ServiceKit.framework */,
				0C63059F211282B100277963 /* ServiceKitTests.xctest */,
			);
			name = Products;
			sourceTree = "<group>";
		};
		0C630598211282B100277963 /* ServiceKit */ = {
			isa = PBXGroup;
			children = (
				0C6305B3211283C000277963 /* Core */,
				0C6305B4211283C800277963 /* Services */,
				0C6305B02112835E00277963 /* Supporting Files */,
			);
			path = ServiceKit;
			sourceTree = "<group>";
		};
		0C6305A3211282B100277963 /* ServiceKitTests */ = {
			isa = PBXGroup;
			children = (
				0C6305A4211282B100277963 /* ServiceKitTests.swift */,
				0C6305A6211282B100277963 /* Info.plist */,
			);
			path = ServiceKitTests;
			sourceTree = "<group>";
		};
		0C6305B02112835E00277963 /* Supporting Files */ = {
			isa = PBXGroup;
			children = (
				0C630599211282B100277963 /* ServiceKit.h */,
				0C63059A211282B100277963 /* Info.plist */,
			);
			name = "Supporting Files";
			sourceTree = "<group>";
		};
		0C6305B3211283C000277963 /* Core */ = {
			isa = PBXGroup;
			children = (
			);
			path = Core;
			sourceTree = "<group>";
		};
		0C6305B4211283C800277963 /* Services */ = {
			isa = PBXGroup;
			children = (
				0C6305B621128A6B00277963 /* StoreService */,
				0C9116CE213F1DE800CDAB39 /* NetworkConnectionService */,
			);
			path = Services;
			sourceTree = "<group>";
		};
		0C6305B621128A6B00277963 /* StoreService */ = {
			isa = PBXGroup;
			children = (
				0C6305D1211A696500277963 /* Error */,
				0C6305C32118E5A300277963 /* Service */,
				0C6305C42118E5AF00277963 /* Receipt */,
				0C6305C22118E58D00277963 /* ProductPack */,
				0C6305B721128A8B00277963 /* StoreService.swift */,
			);
			path = StoreService;
			sourceTree = "<group>";
		};
		0C6305C22118E58D00277963 /* ProductPack */ = {
			isa = PBXGroup;
			children = (
				0C6305B921128B1C00277963 /* ProductPack.swift */,
				0C6305C02118E40A00277963 /* ProductPackDescription.swift */,
			);
			path = ProductPack;
			sourceTree = "<group>";
		};
		0C6305C32118E5A300277963 /* Service */ = {
			isa = PBXGroup;
			children = (
				0C6305BD2113C17200277963 /* StoreServiceImpl.swift */,
				0C6305CF211A60A700277963 /* StoreServiceImpl+BuyRequest.swift */,
				0C6305CD211A5D1E00277963 /* StoreServiceImpl+PacksRequest.swift */,
				0C6305C8211A56FD00277963 /* Proxies */,
			);
			path = Service;
			sourceTree = "<group>";
		};
		0C6305C42118E5AF00277963 /* Receipt */ = {
			isa = PBXGroup;
			children = (
				0C6305BB21128F8E00277963 /* Receipt.swift */,
			);
			path = Receipt;
			sourceTree = "<group>";
		};
		0C6305C8211A56FD00277963 /* Proxies */ = {
			isa = PBXGroup;
			children = (
				0C6305C9211A57C000277963 /* ProductsRequestDelegateProxy.swift */,
				0C6305CB211A585A00277963 /* PaymentTransactionObserverProxy.swift */,
			);
			path = Proxies;
			sourceTree = "<group>";
		};
		0C6305D1211A696500277963 /* Error */ = {
			isa = PBXGroup;
			children = (
				0C6305D2211A698700277963 /* StoreServiceError.swift */,
			);
			path = Error;
			sourceTree = "<group>";
		};
		0C9116CE213F1DE800CDAB39 /* NetworkConnectionService */ = {
			isa = PBXGroup;
			children = (
				0C9116D2213F220F00CDAB39 /* Status */,
				0C9116D5213F279F00CDAB39 /* Observer */,
				0C9116D1213F1F1C00CDAB39 /* Service */,
				0C9116CF213F1ED700CDAB39 /* NetworkConnectionService.swift */,
			);
			path = NetworkConnectionService;
			sourceTree = "<group>";
		};
		0C9116D1213F1F1C00CDAB39 /* Service */ = {
			isa = PBXGroup;
			children = (
				0C9116D8213F2DDB00CDAB39 /* NetworkConnectionServiceImpl.swift */,
			);
			path = Service;
			sourceTree = "<group>";
		};
		0C9116D2213F220F00CDAB39 /* Status */ = {
			isa = PBXGroup;
			children = (
				0C9116D3213F225400CDAB39 /* NetworkConnectionStatus.swift */,
			);
			path = Status;
			sourceTree = "<group>";
		};
		0C9116D5213F279F00CDAB39 /* Observer */ = {
			isa = PBXGroup;
			children = (
				0C9116D6213F27E500CDAB39 /* NetworkConnectionObserver.swift */,
			);
			path = Observer;
			sourceTree = "<group>";
		};
/* End PBXGroup section */

/* Begin PBXHeadersBuildPhase section */
		0C630593211282B100277963 /* Headers */ = {
			isa = PBXHeadersBuildPhase;
			buildActionMask = 2147483647;
			files = (
				0C6305A7211282B100277963 /* ServiceKit.h in Headers */,
			);
			runOnlyForDeploymentPostprocessing = 0;
		};
/* End PBXHeadersBuildPhase section */

/* Begin PBXNativeTarget section */
		0C630595211282B100277963 /* ServiceKit */ = {
			isa = PBXNativeTarget;
			buildConfigurationList = 0C6305AA211282B100277963 /* Build configuration list for PBXNativeTarget "ServiceKit" */;
			buildPhases = (
				0C630591211282B100277963 /* Sources */,
				0C630592211282B100277963 /* Frameworks */,
				0C630593211282B100277963 /* Headers */,
				0C630594211282B100277963 /* Resources */,
				0CC523902146961F009B4540 /* SwiftLint */,
			);
			buildRules = (
			);
			dependencies = (
			);
			name = ServiceKit;
			productName = ServiceKit;
			productReference = 0C630596211282B100277963 /* ServiceKit.framework */;
			productType = "com.apple.product-type.framework";
		};
		0C63059E211282B100277963 /* ServiceKitTests */ = {
			isa = PBXNativeTarget;
			buildConfigurationList = 0C6305AD211282B100277963 /* Build configuration list for PBXNativeTarget "ServiceKitTests" */;
			buildPhases = (
				0C63059B211282B100277963 /* Sources */,
				0C63059C211282B100277963 /* Frameworks */,
				0C63059D211282B100277963 /* Resources */,
			);
			buildRules = (
			);
			dependencies = (
				0C6305A2211282B100277963 /* PBXTargetDependency */,
			);
			name = ServiceKitTests;
			productName = ServiceKitTests;
			productReference = 0C63059F211282B100277963 /* ServiceKitTests.xctest */;
			productType = "com.apple.product-type.bundle.unit-test";
		};
/* End PBXNativeTarget section */

/* Begin PBXProject section */
		0C63058D211282B000277963 /* Project object */ = {
			isa = PBXProject;
			attributes = {
				LastSwiftUpdateCheck = 0940;
				LastUpgradeCheck = 0940;
				ORGANIZATIONNAME = "Victor Shabanov";
				TargetAttributes = {
					0C630595211282B100277963 = {
						CreatedOnToolsVersion = 9.4.1;
						LastSwiftMigration = 0940;
					};
					0C63059E211282B100277963 = {
						CreatedOnToolsVersion = 9.4.1;
					};
				};
			};
			buildConfigurationList = 0C630590211282B000277963 /* Build configuration list for PBXProject "ServiceKit" */;
			compatibilityVersion = "Xcode 9.3";
			developmentRegion = en;
			hasScannedForEncodings = 0;
			knownRegions = (
				en,
			);
			mainGroup = 0C63058C211282B000277963;
			productRefGroup = 0C630597211282B100277963 /* Products */;
			projectDirPath = "";
			projectRoot = "";
			targets = (
				0C630595211282B100277963 /* ServiceKit */,
				0C63059E211282B100277963 /* ServiceKitTests */,
			);
		};
/* End PBXProject section */

/* Begin PBXResourcesBuildPhase section */
		0C630594211282B100277963 /* Resources */ = {
			isa = PBXResourcesBuildPhase;
			buildActionMask = 2147483647;
			files = (
			);
			runOnlyForDeploymentPostprocessing = 0;
		};
		0C63059D211282B100277963 /* Resources */ = {
			isa = PBXResourcesBuildPhase;
			buildActionMask = 2147483647;
			files = (
			);
			runOnlyForDeploymentPostprocessing = 0;
		};
/* End PBXResourcesBuildPhase section */

/* Begin PBXShellScriptBuildPhase section */
		0CC523902146961F009B4540 /* SwiftLint */ = {
			isa = PBXShellScriptBuildPhase;
			buildActionMask = 2147483647;
			files = (
			);
			inputPaths = (
			);
			name = SwiftLint;
			outputPaths = (
			);
			runOnlyForDeploymentPostprocessing = 0;
			shellPath = /bin/sh;
			shellScript = "if which swiftlint >/dev/null; then\nswiftlint\nelse\necho \"error: SwiftLint does not exist, download it from https://github.com/realm/SwiftLint\"\nexit 1\nfi";
		};
/* End PBXShellScriptBuildPhase section */

/* Begin PBXSourcesBuildPhase section */
		0C630591211282B100277963 /* Sources */ = {
			isa = PBXSourcesBuildPhase;
			buildActionMask = 2147483647;
			files = (
				0C6305BC21128F8E00277963 /* Receipt.swift in Sources */,
				0C6305BE2113C17200277963 /* StoreServiceImpl.swift in Sources */,
				0C9116D7213F27E500CDAB39 /* NetworkConnectionObserver.swift in Sources */,
				0C9116D4213F225400CDAB39 /* NetworkConnectionStatus.swift in Sources */,
				0C9116D9213F2DDB00CDAB39 /* NetworkConnectionServiceImpl.swift in Sources */,
				0C6305C12118E40A00277963 /* ProductPackDescription.swift in Sources */,
				0C9116D0213F1ED700CDAB39 /* NetworkConnectionService.swift in Sources */,
				0C6305D0211A60A700277963 /* StoreServiceImpl+BuyRequest.swift in Sources */,
				0C6305D3211A698700277963 /* StoreServiceError.swift in Sources */,
				0C6305CE211A5D1E00277963 /* StoreServiceImpl+PacksRequest.swift in Sources */,
				0C6305BA21128B1C00277963 /* ProductPack.swift in Sources */,
				0C6305CA211A57C000277963 /* ProductsRequestDelegateProxy.swift in Sources */,
				0C6305CC211A585A00277963 /* PaymentTransactionObserverProxy.swift in Sources */,
				0C6305B821128A8B00277963 /* StoreService.swift in Sources */,
			);
			runOnlyForDeploymentPostprocessing = 0;
		};
		0C63059B211282B100277963 /* Sources */ = {
			isa = PBXSourcesBuildPhase;
			buildActionMask = 2147483647;
			files = (
				0C6305A5211282B100277963 /* ServiceKitTests.swift in Sources */,
			);
			runOnlyForDeploymentPostprocessing = 0;
		};
/* End PBXSourcesBuildPhase section */

/* Begin PBXTargetDependency section */
		0C6305A2211282B100277963 /* PBXTargetDependency */ = {
			isa = PBXTargetDependency;
			target = 0C630595211282B100277963 /* ServiceKit */;
			targetProxy = 0C6305A1211282B100277963 /* PBXContainerItemProxy */;
		};
/* End PBXTargetDependency section */

/* Begin XCBuildConfiguration section */
		0C6305A8211282B100277963 /* Debug */ = {
			isa = XCBuildConfiguration;
			buildSettings = {
				ALWAYS_SEARCH_USER_PATHS = NO;
				CLANG_ANALYZER_NONNULL = YES;
				CLANG_ANALYZER_NUMBER_OBJECT_CONVERSION = YES_AGGRESSIVE;
				CLANG_CXX_LANGUAGE_STANDARD = "gnu++14";
				CLANG_CXX_LIBRARY = "libc++";
				CLANG_ENABLE_MODULES = YES;
				CLANG_ENABLE_OBJC_ARC = YES;
				CLANG_ENABLE_OBJC_WEAK = YES;
				CLANG_WARN_BLOCK_CAPTURE_AUTORELEASING = YES;
				CLANG_WARN_BOOL_CONVERSION = YES;
				CLANG_WARN_COMMA = YES;
				CLANG_WARN_CONSTANT_CONVERSION = YES;
				CLANG_WARN_DEPRECATED_OBJC_IMPLEMENTATIONS = YES;
				CLANG_WARN_DIRECT_OBJC_ISA_USAGE = YES_ERROR;
				CLANG_WARN_DOCUMENTATION_COMMENTS = YES;
				CLANG_WARN_EMPTY_BODY = YES;
				CLANG_WARN_ENUM_CONVERSION = YES;
				CLANG_WARN_INFINITE_RECURSION = YES;
				CLANG_WARN_INT_CONVERSION = YES;
				CLANG_WARN_NON_LITERAL_NULL_CONVERSION = YES;
				CLANG_WARN_OBJC_IMPLICIT_RETAIN_SELF = YES;
				CLANG_WARN_OBJC_LITERAL_CONVERSION = YES;
				CLANG_WARN_OBJC_ROOT_CLASS = YES_ERROR;
				CLANG_WARN_RANGE_LOOP_ANALYSIS = YES;
				CLANG_WARN_STRICT_PROTOTYPES = YES;
				CLANG_WARN_SUSPICIOUS_MOVE = YES;
				CLANG_WARN_UNGUARDED_AVAILABILITY = YES_AGGRESSIVE;
				CLANG_WARN_UNREACHABLE_CODE = YES;
				CLANG_WARN__DUPLICATE_METHOD_MATCH = YES;
				CODE_SIGN_IDENTITY = "iPhone Developer";
				COPY_PHASE_STRIP = NO;
				CURRENT_PROJECT_VERSION = 1;
				DEBUG_INFORMATION_FORMAT = dwarf;
				ENABLE_STRICT_OBJC_MSGSEND = YES;
				ENABLE_TESTABILITY = YES;
				GCC_C_LANGUAGE_STANDARD = gnu11;
				GCC_DYNAMIC_NO_PIC = NO;
				GCC_NO_COMMON_BLOCKS = YES;
				GCC_OPTIMIZATION_LEVEL = 0;
				GCC_PREPROCESSOR_DEFINITIONS = (
					"DEBUG=1",
					"$(inherited)",
				);
				GCC_WARN_64_TO_32_BIT_CONVERSION = YES;
				GCC_WARN_ABOUT_RETURN_TYPE = YES_ERROR;
				GCC_WARN_UNDECLARED_SELECTOR = YES;
				GCC_WARN_UNINITIALIZED_AUTOS = YES_AGGRESSIVE;
				GCC_WARN_UNUSED_FUNCTION = YES;
				GCC_WARN_UNUSED_VARIABLE = YES;
				IPHONEOS_DEPLOYMENT_TARGET = 9.0;
				MTL_ENABLE_DEBUG_INFO = YES;
				ONLY_ACTIVE_ARCH = YES;
				SDKROOT = iphoneos;
				SWIFT_ACTIVE_COMPILATION_CONDITIONS = DEBUG;
				SWIFT_OPTIMIZATION_LEVEL = "-Onone";
				VERSIONING_SYSTEM = "apple-generic";
				VERSION_INFO_PREFIX = "";
			};
			name = Debug;
		};
		0C6305A9211282B100277963 /* Release */ = {
			isa = XCBuildConfiguration;
			buildSettings = {
				ALWAYS_SEARCH_USER_PATHS = NO;
				CLANG_ANALYZER_NONNULL = YES;
				CLANG_ANALYZER_NUMBER_OBJECT_CONVERSION = YES_AGGRESSIVE;
				CLANG_CXX_LANGUAGE_STANDARD = "gnu++14";
				CLANG_CXX_LIBRARY = "libc++";
				CLANG_ENABLE_MODULES = YES;
				CLANG_ENABLE_OBJC_ARC = YES;
				CLANG_ENABLE_OBJC_WEAK = YES;
				CLANG_WARN_BLOCK_CAPTURE_AUTORELEASING = YES;
				CLANG_WARN_BOOL_CONVERSION = YES;
				CLANG_WARN_COMMA = YES;
				CLANG_WARN_CONSTANT_CONVERSION = YES;
				CLANG_WARN_DEPRECATED_OBJC_IMPLEMENTATIONS = YES;
				CLANG_WARN_DIRECT_OBJC_ISA_USAGE = YES_ERROR;
				CLANG_WARN_DOCUMENTATION_COMMENTS = YES;
				CLANG_WARN_EMPTY_BODY = YES;
				CLANG_WARN_ENUM_CONVERSION = YES;
				CLANG_WARN_INFINITE_RECURSION = YES;
				CLANG_WARN_INT_CONVERSION = YES;
				CLANG_WARN_NON_LITERAL_NULL_CONVERSION = YES;
				CLANG_WARN_OBJC_IMPLICIT_RETAIN_SELF = YES;
				CLANG_WARN_OBJC_LITERAL_CONVERSION = YES;
				CLANG_WARN_OBJC_ROOT_CLASS = YES_ERROR;
				CLANG_WARN_RANGE_LOOP_ANALYSIS = YES;
				CLANG_WARN_STRICT_PROTOTYPES = YES;
				CLANG_WARN_SUSPICIOUS_MOVE = YES;
				CLANG_WARN_UNGUARDED_AVAILABILITY = YES_AGGRESSIVE;
				CLANG_WARN_UNREACHABLE_CODE = YES;
				CLANG_WARN__DUPLICATE_METHOD_MATCH = YES;
				CODE_SIGN_IDENTITY = "iPhone Developer";
				COPY_PHASE_STRIP = NO;
				CURRENT_PROJECT_VERSION = 1;
				DEBUG_INFORMATION_FORMAT = "dwarf-with-dsym";
				ENABLE_NS_ASSERTIONS = NO;
				ENABLE_STRICT_OBJC_MSGSEND = YES;
				GCC_C_LANGUAGE_STANDARD = gnu11;
				GCC_NO_COMMON_BLOCKS = YES;
				GCC_WARN_64_TO_32_BIT_CONVERSION = YES;
				GCC_WARN_ABOUT_RETURN_TYPE = YES_ERROR;
				GCC_WARN_UNDECLARED_SELECTOR = YES;
				GCC_WARN_UNINITIALIZED_AUTOS = YES_AGGRESSIVE;
				GCC_WARN_UNUSED_FUNCTION = YES;
				GCC_WARN_UNUSED_VARIABLE = YES;
				IPHONEOS_DEPLOYMENT_TARGET = 9.0;
				MTL_ENABLE_DEBUG_INFO = NO;
				SDKROOT = iphoneos;
				SWIFT_COMPILATION_MODE = wholemodule;
				SWIFT_OPTIMIZATION_LEVEL = "-O";
				VALIDATE_PRODUCT = YES;
				VERSIONING_SYSTEM = "apple-generic";
				VERSION_INFO_PREFIX = "";
			};
			name = Release;
		};
		0C6305AB211282B100277963 /* Debug */ = {
			isa = XCBuildConfiguration;
			buildSettings = {
				CLANG_ENABLE_MODULES = YES;
				CODE_SIGN_IDENTITY = "";
				CODE_SIGN_STYLE = Automatic;
				DEFINES_MODULE = YES;
				DEVELOPMENT_TEAM = V5GGNVP9C6;
				DYLIB_COMPATIBILITY_VERSION = 1;
				DYLIB_CURRENT_VERSION = 1;
				DYLIB_INSTALL_NAME_BASE = "@rpath";
				INFOPLIST_FILE = ServiceKit/Info.plist;
				INSTALL_PATH = "$(LOCAL_LIBRARY_DIR)/Frameworks";
				LD_RUNPATH_SEARCH_PATHS = (
					"$(inherited)",
					"@executable_path/Frameworks",
					"@loader_path/Frameworks",
				);
				PRODUCT_BUNDLE_IDENTIFIER = com.vshabanov.ServiceKit;
				PRODUCT_NAME = "$(TARGET_NAME:c99extidentifier)";
				SKIP_INSTALL = YES;
				SWIFT_OPTIMIZATION_LEVEL = "-Onone";
				SWIFT_VERSION = 4.0;
				TARGETED_DEVICE_FAMILY = "1,2";
			};
			name = Debug;
		};
		0C6305AC211282B100277963 /* Release */ = {
			isa = XCBuildConfiguration;
			buildSettings = {
				CLANG_ENABLE_MODULES = YES;
				CODE_SIGN_IDENTITY = "";
				CODE_SIGN_STYLE = Automatic;
				DEFINES_MODULE = YES;
				DEVELOPMENT_TEAM = V5GGNVP9C6;
				DYLIB_COMPATIBILITY_VERSION = 1;
				DYLIB_CURRENT_VERSION = 1;
				DYLIB_INSTALL_NAME_BASE = "@rpath";
				INFOPLIST_FILE = ServiceKit/Info.plist;
				INSTALL_PATH = "$(LOCAL_LIBRARY_DIR)/Frameworks";
				LD_RUNPATH_SEARCH_PATHS = (
					"$(inherited)",
					"@executable_path/Frameworks",
					"@loader_path/Frameworks",
				);
				PRODUCT_BUNDLE_IDENTIFIER = com.vshabanov.ServiceKit;
				PRODUCT_NAME = "$(TARGET_NAME:c99extidentifier)";
				SKIP_INSTALL = YES;
				SWIFT_VERSION = 4.0;
				TARGETED_DEVICE_FAMILY = "1,2";
			};
			name = Release;
		};
		0C6305AE211282B100277963 /* Debug */ = {
			isa = XCBuildConfiguration;
			buildSettings = {
				ALWAYS_EMBED_SWIFT_STANDARD_LIBRARIES = YES;
				CODE_SIGN_STYLE = Automatic;
				DEVELOPMENT_TEAM = V5GGNVP9C6;
				INFOPLIST_FILE = ServiceKitTests/Info.plist;
				LD_RUNPATH_SEARCH_PATHS = (
					"$(inherited)",
					"@executable_path/Frameworks",
					"@loader_path/Frameworks",
				);
				PRODUCT_BUNDLE_IDENTIFIER = com.vshabanov.ServiceKitTests;
				PRODUCT_NAME = "$(TARGET_NAME)";
				SWIFT_VERSION = 4.0;
				TARGETED_DEVICE_FAMILY = "1,2";
			};
			name = Debug;
		};
		0C6305AF211282B100277963 /* Release */ = {
			isa = XCBuildConfiguration;
			buildSettings = {
				ALWAYS_EMBED_SWIFT_STANDARD_LIBRARIES = YES;
				CODE_SIGN_STYLE = Automatic;
				DEVELOPMENT_TEAM = V5GGNVP9C6;
				INFOPLIST_FILE = ServiceKitTests/Info.plist;
				LD_RUNPATH_SEARCH_PATHS = (
					"$(inherited)",
					"@executable_path/Frameworks",
					"@loader_path/Frameworks",
				);
				PRODUCT_BUNDLE_IDENTIFIER = com.vshabanov.ServiceKitTests;
				PRODUCT_NAME = "$(TARGET_NAME)";
				SWIFT_VERSION = 4.0;
				TARGETED_DEVICE_FAMILY = "1,2";
			};
			name = Release;
		};
/* End XCBuildConfiguration section */

/* Begin XCConfigurationList section */
		0C630590211282B000277963 /* Build configuration list for PBXProject "ServiceKit" */ = {
			isa = XCConfigurationList;
			buildConfigurations = (
				0C6305A8211282B100277963 /* Debug */,
				0C6305A9211282B100277963 /* Release */,
			);
			defaultConfigurationIsVisible = 0;
			defaultConfigurationName = Release;
		};
		0C6305AA211282B100277963 /* Build configuration list for PBXNativeTarget "ServiceKit" */ = {
			isa = XCConfigurationList;
			buildConfigurations = (
				0C6305AB211282B100277963 /* Debug */,
				0C6305AC211282B100277963 /* Release */,
			);
			defaultConfigurationIsVisible = 0;
			defaultConfigurationName = Release;
		};
		0C6305AD211282B100277963 /* Build configuration list for PBXNativeTarget "ServiceKitTests" */ = {
			isa = XCConfigurationList;
			buildConfigurations = (
				0C6305AE211282B100277963 /* Debug */,
				0C6305AF211282B100277963 /* Release */,
			);
			defaultConfigurationIsVisible = 0;
			defaultConfigurationName = Release;
		};
/* End XCConfigurationList section */
	};
	rootObject = 0C63058D211282B000277963 /* Project object */;
}
